
Microsoft Visual Studio Solution File, Format Version 12.00
# Visual Studio Version 17
VisualStudioVersion = 17.10.35013.160
MinimumVisualStudioVersion = 10.0.40219.1
Project("{888888A0-9F3D-457C-B088-3A5042F75D52}") = "Task_1", "Task_1\Task_1.pyproj", "{CC5E057F-3DB6-4C77-832A-911798CD4984}"
EndProject
Global
	GlobalSection(SolutionConfigurationPlatforms) = preSolution
		Debug|Any CPU = Debug|Any CPU
		Release|Any CPU = Release|Any CPU
	EndGlobalSection
	GlobalSection(ProjectConfigurationPlatforms) = postSolution
		{CC5E057F-3DB6-4C77-832A-911798CD4984}.Debug|Any CPU.ActiveCfg = Debug|Any CPU
		{CC5E057F-3DB6-4C77-832A-911798CD4984}.Release|Any CPU.ActiveCfg = Release|Any CPU
	EndGlobalSection
	GlobalSection(SolutionProperties) = preSolution
		HideSolutionNode = FALSE
	EndGlobalSection
	GlobalSection(ExtensibilityGlobals) = postSolution
		SolutionGuid = {E3CD99C7-7821-4AF3-AB65-E29CB154433C}
	EndGlobalSection
EndGlobal
