
Microsoft Visual Studio Solution File, Format Version 12.00
# Visual Studio Version 17
VisualStudioVersion = 17.10.35013.160
MinimumVisualStudioVersion = 10.0.40219.1
Project("{888888A0-9F3D-457C-B088-3A5042F75D52}") = "Task_4", "Task_4\Task_4.pyproj", "{18912715-2BCA-491B-BF0A-AD9B75A2C206}"
EndProject
Global
	GlobalSection(SolutionConfigurationPlatforms) = preSolution
		Debug|Any CPU = Debug|Any CPU
		Release|Any CPU = Release|Any CPU
	EndGlobalSection
	GlobalSection(ProjectConfigurationPlatforms) = postSolution
		{18912715-2BCA-491B-BF0A-AD9B75A2C206}.Debug|Any CPU.ActiveCfg = Debug|Any CPU
		{18912715-2BCA-491B-BF0A-AD9B75A2C206}.Release|Any CPU.ActiveCfg = Release|Any CPU
	EndGlobalSection
	GlobalSection(SolutionProperties) = preSolution
		HideSolutionNode = FALSE
	EndGlobalSection
	GlobalSection(ExtensibilityGlobals) = postSolution
		SolutionGuid = {8EB721F2-D662-4F69-A38B-73607969B334}
	EndGlobalSection
EndGlobal
