
Microsoft Visual Studio Solution File, Format Version 12.00
# Visual Studio Version 17
VisualStudioVersion = 17.10.35013.160
MinimumVisualStudioVersion = 10.0.40219.1
Project("{888888A0-9F3D-457C-B088-3A5042F75D52}") = "Task_3", "Task_3\Task_3.pyproj", "{E08A8FE9-F46C-4463-BD0B-0A2436880462}"
EndProject
Global
	GlobalSection(SolutionConfigurationPlatforms) = preSolution
		Debug|Any CPU = Debug|Any CPU
		Release|Any CPU = Release|Any CPU
	EndGlobalSection
	GlobalSection(ProjectConfigurationPlatforms) = postSolution
		{E08A8FE9-F46C-4463-BD0B-0A2436880462}.Debug|Any CPU.ActiveCfg = Debug|Any CPU
		{E08A8FE9-F46C-4463-BD0B-0A2436880462}.Release|Any CPU.ActiveCfg = Release|Any CPU
	EndGlobalSection
	GlobalSection(SolutionProperties) = preSolution
		HideSolutionNode = FALSE
	EndGlobalSection
	GlobalSection(ExtensibilityGlobals) = postSolution
		SolutionGuid = {B0A7CB5B-44BE-4A69-8197-5C7B7004975A}
	EndGlobalSection
EndGlobal
