
Microsoft Visual Studio Solution File, Format Version 12.00
# Visual Studio Version 17
VisualStudioVersion = 17.10.35013.160
MinimumVisualStudioVersion = 10.0.40219.1
Project("{888888A0-9F3D-457C-B088-3A5042F75D52}") = "Task_1", "Task_1\Task_1.pyproj", "{89215AE4-A82D-4EE7-9B2A-80F513EE9216}"
EndProject
Global
	GlobalSection(SolutionConfigurationPlatforms) = preSolution
		Debug|Any CPU = Debug|Any CPU
		Release|Any CPU = Release|Any CPU
	EndGlobalSection
	GlobalSection(ProjectConfigurationPlatforms) = postSolution
		{89215AE4-A82D-4EE7-9B2A-80F513EE9216}.Debug|Any CPU.ActiveCfg = Debug|Any CPU
		{89215AE4-A82D-4EE7-9B2A-80F513EE9216}.Release|Any CPU.ActiveCfg = Release|Any CPU
	EndGlobalSection
	GlobalSection(SolutionProperties) = preSolution
		HideSolutionNode = FALSE
	EndGlobalSection
	GlobalSection(ExtensibilityGlobals) = postSolution
		SolutionGuid = {BAF5E348-1A4B-4454-BF09-701E65FED113}
	EndGlobalSection
EndGlobal
